{
  "projects": [
    {
      "projectId": "gLnj1ASQa3ENCCCbozzvCK",
      "version": "0.0.4",
      "dependencies": {},
      "lang": "ts",
      "fileLocks": [
        {
          "assetId": "gLnj1ASQa3ENCCCbozzvCK",
          "type": "projectCss",
          "checksum": "1c02168c6b23256606111fdfdbb63549"
        },
        {
          "assetId": "gLnj1ASQa3ENCCCbozzvCK",
          "checksum": "58a352f849f1520e4f338e5d25df4d87",
          "type": "globalContexts"
        }
      ],
      "codegenVersion": "0.0.1"
    },
    {
      "projectId": "gzny5sU7cPH2nhvEqzdB2m",
      "version": "0.0.3",
      "dependencies": {},
      "lang": "ts",
      "fileLocks": [
        {
          "assetId": "gzny5sU7cPH2nhvEqzdB2m",
          "type": "projectCss",
          "checksum": "1c02168c6b23256606111fdfdbb63549"
        }
      ],
      "codegenVersion": "0.0.1"
    },
    {
      "projectId": "2Pi4qcW8q34x5MEMyq2T6D",
      "version": "0.1.2",
      "dependencies": {},
      "lang": "ts",
      "fileLocks": [
        {
          "assetId": "2Pi4qcW8q34x5MEMyq2T6D",
          "type": "projectCss",
          "checksum": "1c02168c6b23256606111fdfdbb63549"
        },
        {
          "assetId": "2Pi4qcW8q34x5MEMyq2T6D",
          "checksum": "1b69a7f2b215c2d38336f1e748504c5c",
          "type": "globalContexts"
        }
      ],
      "codegenVersion": "0.0.1"
    },
    {
      "projectId": "66MC2d9B7YecVEphuUMtqF",
      "version": "1.1.0",
      "dependencies": {},
      "lang": "ts",
      "fileLocks": [
        {
          "assetId": "66MC2d9B7YecVEphuUMtqF",
          "type": "projectCss",
          "checksum": "77c6cae8f6fefe6e329eb4393973c8c6"
        },
        {
          "assetId": "66MC2d9B7YecVEphuUMtqF",
          "checksum": "cb442dc94ffe3c8679bfdc3c9f67ec9e",
          "type": "globalContexts"
        }
      ],
      "codegenVersion": "0.0.1"
    },
    {
      "projectId": "5vAoK7BmKbFSGEzykGZNyw",
      "version": "latest",
      "dependencies": {
        "66MC2d9B7YecVEphuUMtqF": "1.1.0",
        "2Pi4qcW8q34x5MEMyq2T6D": "0.1.2",
        "gzny5sU7cPH2nhvEqzdB2m": "0.0.3",
        "gLnj1ASQa3ENCCCbozzvCK": "0.0.4"
      },
      "lang": "ts",
      "fileLocks": [
        {
          "type": "globalVariant",
          "assetId": "WY4r3RlEMIpX",
          "checksum": "661f01513578450b59190836fa9b5d7a"
        },
        {
          "assetId": "5vAoK7BmKbFSGEzykGZNyw",
          "type": "projectCss",
          "checksum": "bf695eddc8e88a807b7a25d83f37c88b"
        },
        {
          "assetId": "5vAoK7BmKbFSGEzykGZNyw",
          "checksum": "9e16a82e318910a9084186c7ff338ee5",
          "type": "globalContexts"
        },
        {
          "type": "renderModule",
          "assetId": "9IlnaCKeVT7x",
          "checksum": "a7045ce116c6d4a38c2952e26eb5e50a"
        },
        {
          "type": "cssRules",
          "assetId": "9IlnaCKeVT7x",
          "checksum": "a7045ce116c6d4a38c2952e26eb5e50a"
        },
        {
          "type": "renderModule",
          "assetId": "DetsMIlX5icM",
          "checksum": "c041baeb1eabc7c09ce2534188e6a4f3"
        },
        {
          "type": "cssRules",
          "assetId": "DetsMIlX5icM",
          "checksum": "c041baeb1eabc7c09ce2534188e6a4f3"
        },
        {
          "type": "renderModule",
          "assetId": "OTARf7iL9kXb",
          "checksum": "7dfde455746ffe27137fc0c1139d8c5a"
        },
        {
          "type": "cssRules",
          "assetId": "OTARf7iL9kXb",
          "checksum": "7dfde455746ffe27137fc0c1139d8c5a"
        },
        {
          "type": "renderModule",
          "assetId": "Yvyy45WNSjzG",
          "checksum": "aeb5ebe07609c4b8c3ea145f7cb25d80"
        },
        {
          "type": "cssRules",
          "assetId": "Yvyy45WNSjzG",
          "checksum": "aeb5ebe07609c4b8c3ea145f7cb25d80"
        },
        {
          "type": "renderModule",
          "assetId": "4c5D6NKeWJoi",
          "checksum": "11357bceb776a046966549fe24ca9a71"
        },
        {
          "type": "cssRules",
          "assetId": "4c5D6NKeWJoi",
          "checksum": "11357bceb776a046966549fe24ca9a71"
        },
        {
          "type": "renderModule",
          "assetId": "HTBOaxxqVFsj",
          "checksum": "782c80a74096483969320c7135252cd4"
        },
        {
          "type": "cssRules",
          "assetId": "HTBOaxxqVFsj",
          "checksum": "782c80a74096483969320c7135252cd4"
        },
        {
          "type": "renderModule",
          "assetId": "3VJV-XWYNb0Z",
          "checksum": "3514416b1049b59fbb21acaf9c7be85a"
        },
        {
          "type": "cssRules",
          "assetId": "3VJV-XWYNb0Z",
          "checksum": "3514416b1049b59fbb21acaf9c7be85a"
        },
        {
          "type": "renderModule",
          "assetId": "AYohF2Sl2Q6W",
          "checksum": "462455ecfae29902c8f358bc12744dd8"
        },
        {
          "type": "cssRules",
          "assetId": "AYohF2Sl2Q6W",
          "checksum": "462455ecfae29902c8f358bc12744dd8"
        },
        {
          "type": "icon",
          "assetId": "xY7bQA18AGIh",
          "checksum": "130bce9212ff1ed435b3794a65c4e488"
        },
        {
          "type": "icon",
          "assetId": "X0DzP-2wh0_f",
          "checksum": "a7392e995d3cb4a1eef45fcf6a44fd30"
        },
        {
          "type": "icon",
          "assetId": "O0ZpDyg7U77L",
          "checksum": "6e7840c91a808170dbb92c81b496fc92"
        },
        {
          "type": "icon",
          "assetId": "cA8BNfRdkBu_",
          "checksum": "8fb9a1d6abda7ca3205f5b3bc007f51b"
        },
        {
          "type": "icon",
          "assetId": "bggbFN-UbnuW",
          "checksum": "d053c05df1811002db56c8c53124ae57"
        },
        {
          "type": "icon",
          "assetId": "_t4scCvaoAE9",
          "checksum": "0c73957970680d6838a9c6937147cc1e"
        },
        {
          "type": "icon",
          "assetId": "HU0kS2cfewLt",
          "checksum": "9e4c76ef90e5a43a55b28467e57a7145"
        },
        {
          "type": "icon",
          "assetId": "hGtrlnCMII75",
          "checksum": "3be81ec661a52b3cdfa7ddfe26865991"
        },
        {
          "type": "icon",
          "assetId": "qHa8eF_2_9tU",
          "checksum": "efc5cfd6b8299f08fe88f40dba1a72cc"
        },
        {
          "type": "icon",
          "assetId": "JBHL5Exv0umT",
          "checksum": "10c9671d3db2e1b2446300f7133c5f97"
        }
      ],
      "codegenVersion": "0.0.1"
    }
  ],
  "cliVersion": "0.0.22"
}
